// !$*UTF8*$!
{
	archiveVersion = 1;
	classes = {
	};
	objectVersion = 55;
	objects = {

/* Begin PBXBuildFile section */
		270AF660278B0DE000647073 /* MegaShopApp.swift in Sources */ = {isa = PBXBuildFile; fileRef = 270AF65F278B0DE000647073 /* MegaShopApp.swift */; };
		270AF662278B0DE000647073 /* ContentView.swift in Sources */ = {isa = PBXBuildFile; fileRef = 270AF661278B0DE000647073 /* ContentView.swift */; };
		270AF664278B0DE200647073 /* Assets.xcassets in Resources */ = {isa = PBXBuildFile; fileRef = 270AF663278B0DE200647073 /* Assets.xcassets */; };
		270AF667278B0DE200647073 /* Preview Assets.xcassets in Resources */ = {isa = PBXBuildFile; fileRef = 270AF666278B0DE200647073 /* Preview Assets.xcassets */; };
		270AF66F278B132400647073 /* Product.swift in Sources */ = {isa = PBXBuildFile; fileRef = 270AF66E278B132400647073 /* Product.swift */; };
		270AF672278B15B000647073 /* ProductCard.swift in Sources */ = {isa = PBXBuildFile; fileRef = 270AF671278B15B000647073 /* ProductCard.swift */; };
		270AF675278B1BE700647073 /* CartButton.swift in Sources */ = {isa = PBXBuildFile; fileRef = 270AF674278B1BE700647073 /* CartButton.swift */; };
		270AF677278B1E0100647073 /* CartView.swift in Sources */ = {isa = PBXBuildFile; fileRef = 270AF676278B1E0100647073 /* CartView.swift */; };
		270AF679278B1F0800647073 /* CartManager.swift in Sources */ = {isa = PBXBuildFile; fileRef = 270AF678278B1F0800647073 /* CartManager.swift */; };
		270AF67B278B22CB00647073 /* ProductRow.swift in Sources */ = {isa = PBXBuildFile; fileRef = 270AF67A278B22CB00647073 /* ProductRow.swift */; };
/* End PBXBuildFile section */

/* Begin PBXFileReference section */
		270AF65C278B0DE000647073 /* MegaShop.app */ = {isa = PBXFileReference; explicitFileType = wrapper.application; includeInIndex = 0; path = MegaShop.app; sourceTree = BUILT_PRODUCTS_DIR; };
		270AF65F278B0DE000647073 /* MegaShopApp.swift */ = {isa = PBXFileReference; lastKnownFileType = sourcecode.swift; path = MegaShopApp.swift; sourceTree = "<group>"; };
		270AF661278B0DE000647073 /* ContentView.swift */ = {isa = PBXFileReference; lastKnownFileType = sourcecode.swift; path = ContentView.swift; sourceTree = "<group>"; };
		270AF663278B0DE200647073 /* Assets.xcassets */ = {isa = PBXFileReference; lastKnownFileType = folder.assetcatalog; path = Assets.xcassets; sourceTree = "<group>"; };
		270AF666278B0DE200647073 /* Preview Assets.xcassets */ = {isa = PBXFileReference; lastKnownFileType = folder.assetcatalog; path = "Preview Assets.xcassets"; sourceTree = "<group>"; };
		270AF66E278B132400647073 /* Product.swift */ = {isa = PBXFileReference; lastKnownFileType = sourcecode.swift; path = Product.swift; sourceTree = "<group>"; };
		270AF671278B15B000647073 /* ProductCard.swift */ = {isa = PBXFileReference; lastKnownFileType = sourcecode.swift; path = ProductCard.swift; sourceTree = "<group>"; };
		270AF674278B1BE700647073 /* CartButton.swift */ = {isa = PBXFileReference; lastKnownFileType = sourcecode.swift; path = CartButton.swift; sourceTree = "<group>"; };
		270AF676278B1E0100647073 /* CartView.swift */ = {isa = PBXFileReference; lastKnownFileType = sourcecode.swift; path = CartView.swift; sourceTree = "<group>"; };
		270AF678278B1F0800647073 /* CartManager.swift */ = {isa = PBXFileReference; lastKnownFileType = sourcecode.swift; path = CartManager.swift; sourceTree = "<group>"; };
		270AF67A278B22CB00647073 /* ProductRow.swift */ = {isa = PBXFileReference; lastKnownFileType = sourcecode.swift; path = ProductRow.swift; sourceTree = "<group>"; };
/* End PBXFileReference section */

/* Begin PBXFrameworksBuildPhase section */
		270AF659278B0DE000647073 /* Frameworks */ = {
			isa = PBXFrameworksBuildPhase;
			buildActionMask = 2147483647;
			files = (
			);
			runOnlyForDeploymentPostprocessing = 0;
		};
/* End PBXFrameworksBuildPhase section */

/* Begin PBXGroup section */
		270AF653278B0DE000647073 = {
			isa = PBXGroup;
			children = (
				270AF65E278B0DE000647073 /* MegaShop */,
				270AF65D278B0DE000647073 /* Products */,
			);
			sourceTree = "<group>";
		};
		270AF65D278B0DE000647073 /* Products */ = {
			isa = PBXGroup;
			children = (
				270AF65C278B0DE000647073 /* MegaShop.app */,
			);
			name = Products;
			sourceTree = "<group>";
		};
		270AF65E278B0DE000647073 /* MegaShop */ = {
			isa = PBXGroup;
			children = (
				270AF673278B18DB00647073 /* Views */,
				270AF670278B158C00647073 /* Components */,
				270AF66D278B130300647073 /* Models */,
				270AF65F278B0DE000647073 /* MegaShopApp.swift */,
				270AF663278B0DE200647073 /* Assets.xcassets */,
				270AF665278B0DE200647073 /* Preview Content */,
				270AF678278B1F0800647073 /* CartManager.swift */,
			);
			path = MegaShop;
			sourceTree = "<group>";
		};
		270AF665278B0DE200647073 /* Preview Content */ = {
			isa = PBXGroup;
			children = (
				270AF666278B0DE200647073 /* Preview Assets.xcassets */,
			);
			path = "Preview Content";
			sourceTree = "<group>";
		};
		270AF66D278B130300647073 /* Models */ = {
			isa = PBXGroup;
			children = (
				270AF66E278B132400647073 /* Product.swift */,
			);
			path = Models;
			sourceTree = "<group>";
		};
		270AF670278B158C00647073 /* Components */ = {
			isa = PBXGroup;
			children = (
				270AF671278B15B000647073 /* ProductCard.swift */,
				270AF674278B1BE700647073 /* CartButton.swift */,
				270AF67A278B22CB00647073 /* ProductRow.swift */,
			);
			path = Components;
			sourceTree = "<group>";
		};
		270AF673278B18DB00647073 /* Views */ = {
			isa = PBXGroup;
			children = (
				270AF661278B0DE000647073 /* ContentView.swift */,
				270AF676278B1E0100647073 /* CartView.swift */,
			);
			path = Views;
			sourceTree = "<group>";
		};
/* End PBXGroup section */

/* Begin PBXNativeTarget section */
		270AF65B278B0DE000647073 /* MegaShop */ = {
			isa = PBXNativeTarget;
			buildConfigurationList = 270AF66A278B0DE200647073 /* Build configuration list for PBXNativeTarget "MegaShop" */;
			buildPhases = (
				270AF658278B0DE000647073 /* Sources */,
				270AF659278B0DE000647073 /* Frameworks */,
				270AF65A278B0DE000647073 /* Resources */,
			);
			buildRules = (
			);
			dependencies = (
			);
			name = MegaShop;
			productName = MegaShop;
			productReference = 270AF65C278B0DE000647073 /* MegaShop.app */;
			productType = "com.apple.product-type.application";
		};
/* End PBXNativeTarget section */

/* Begin PBXProject section */
		270AF654278B0DE000647073 /* Project object */ = {
			isa = PBXProject;
			attributes = {
				BuildIndependentTargetsInParallel = 1;
				LastSwiftUpdateCheck = 1320;
				LastUpgradeCheck = 1320;
				TargetAttributes = {
					270AF65B278B0DE000647073 = {
						CreatedOnToolsVersion = 13.2.1;
					};
				};
			};
			buildConfigurationList = 270AF657278B0DE000647073 /* Build configuration list for PBXProject "MegaShop" */;
			compatibilityVersion = "Xcode 13.0";
			developmentRegion = en;
			hasScannedForEncodings = 0;
			knownRegions = (
				en,
				Base,
			);
			mainGroup = 270AF653278B0DE000647073;
			productRefGroup = 270AF65D278B0DE000647073 /* Products */;
			projectDirPath = "";
			projectRoot = "";
			targets = (
				270AF65B278B0DE000647073 /* MegaShop */,
			);
		};
/* End PBXProject section */

/* Begin PBXResourcesBuildPhase section */
		270AF65A278B0DE000647073 /* Resources */ = {
			isa = PBXResourcesBuildPhase;
			buildActionMask = 2147483647;
			files = (
				270AF667278B0DE200647073 /* Preview Assets.xcassets in Resources */,
				270AF664278B0DE200647073 /* Assets.xcassets in Resources */,
			);
			runOnlyForDeploymentPostprocessing = 0;
		};
/* End PBXResourcesBuildPhase section */

/* Begin PBXSourcesBuildPhase section */
		270AF658278B0DE000647073 /* Sources */ = {
			isa = PBXSourcesBuildPhase;
			buildActionMask = 2147483647;
			files = (
				270AF677278B1E0100647073 /* CartView.swift in Sources */,
				270AF662278B0DE000647073 /* ContentView.swift in Sources */,
				270AF679278B1F0800647073 /* CartManager.swift in Sources */,
				270AF660278B0DE000647073 /* MegaShopApp.swift in Sources */,
				270AF67B278B22CB00647073 /* ProductRow.swift in Sources */,
				270AF66F278B132400647073 /* Product.swift in Sources */,
				270AF672278B15B000647073 /* ProductCard.swift in Sources */,
				270AF675278B1BE700647073 /* CartButton.swift in Sources */,
			);
			runOnlyForDeploymentPostprocessing = 0;
		};
/* End PBXSourcesBuildPhase section */

/* Begin XCBuildConfiguration section */
		270AF668278B0DE200647073 /* Debug */ = {
			isa = XCBuildConfiguration;
			buildSettings = {
				ALWAYS_SEARCH_USER_PATHS = NO;
				CLANG_ANALYZER_NONNULL = YES;
				CLANG_ANALYZER_NUMBER_OBJECT_CONVERSION = YES_AGGRESSIVE;
				CLANG_CXX_LANGUAGE_STANDARD = "gnu++17";
				CLANG_CXX_LIBRARY = "libc++";
				CLANG_ENABLE_MODULES = YES;
				CLANG_ENABLE_OBJC_ARC = YES;
				CLANG_ENABLE_OBJC_WEAK = YES;
				CLANG_WARN_BLOCK_CAPTURE_AUTORELEASING = YES;
				CLANG_WARN_BOOL_CONVERSION = YES;
				CLANG_WARN_COMMA = YES;
				CLANG_WARN_CONSTANT_CONVERSION = YES;
				CLANG_WARN_DEPRECATED_OBJC_IMPLEMENTATIONS = YES;
				CLANG_WARN_DIRECT_OBJC_ISA_USAGE = YES_ERROR;
				CLANG_WARN_DOCUMENTATION_COMMENTS = YES;
				CLANG_WARN_EMPTY_BODY = YES;
				CLANG_WARN_ENUM_CONVERSION = YES;
				CLANG_WARN_INFINITE_RECURSION = YES;
				CLANG_WARN_INT_CONVERSION = YES;
				CLANG_WARN_NON_LITERAL_NULL_CONVERSION = YES;
				CLANG_WARN_OBJC_IMPLICIT_RETAIN_SELF = YES;
				CLANG_WARN_OBJC_LITERAL_CONVERSION = YES;
				CLANG_WARN_OBJC_ROOT_CLASS = YES_ERROR;
				CLANG_WARN_QUOTED_INCLUDE_IN_FRAMEWORK_HEADER = YES;
				CLANG_WARN_RANGE_LOOP_ANALYSIS = YES;
				CLANG_WARN_STRICT_PROTOTYPES = YES;
				CLANG_WARN_SUSPICIOUS_MOVE = YES;
				CLANG_WARN_UNGUARDED_AVAILABILITY = YES_AGGRESSIVE;
				CLANG_WARN_UNREACHABLE_CODE = YES;
				CLANG_WARN__DUPLICATE_METHOD_MATCH = YES;
				COPY_PHASE_STRIP = NO;
				DEBUG_INFORMATION_FORMAT = dwarf;
				ENABLE_STRICT_OBJC_MSGSEND = YES;
				ENABLE_TESTABILITY = YES;
				GCC_C_LANGUAGE_STANDARD = gnu11;
				GCC_DYNAMIC_NO_PIC = NO;
				GCC_NO_COMMON_BLOCKS = YES;
				GCC_OPTIMIZATION_LEVEL = 0;
				GCC_PREPROCESSOR_DEFINITIONS = (
					"DEBUG=1",
					"$(inherited)",
				);
				GCC_WARN_64_TO_32_BIT_CONVERSION = YES;
				GCC_WARN_ABOUT_RETURN_TYPE = YES_ERROR;
				GCC_WARN_UNDECLARED_SELECTOR = YES;
				GCC_WARN_UNINITIALIZED_AUTOS = YES_AGGRESSIVE;
				GCC_WARN_UNUSED_FUNCTION = YES;
				GCC_WARN_UNUSED_VARIABLE = YES;
				IPHONEOS_DEPLOYMENT_TARGET = 15.2;
				MTL_ENABLE_DEBUG_INFO = INCLUDE_SOURCE;
				MTL_FAST_MATH = YES;
				ONLY_ACTIVE_ARCH = YES;
				SDKROOT = iphoneos;
				SWIFT_ACTIVE_COMPILATION_CONDITIONS = DEBUG;
				SWIFT_OPTIMIZATION_LEVEL = "-Onone";
			};
			name = Debug;
		};
		270AF669278B0DE200647073 /* Release */ = {
			isa = XCBuildConfiguration;
			buildSettings = {
				ALWAYS_SEARCH_USER_PATHS = NO;
				CLANG_ANALYZER_NONNULL = YES;
				CLANG_ANALYZER_NUMBER_OBJECT_CONVERSION = YES_AGGRESSIVE;
				CLANG_CXX_LANGUAGE_STANDARD = "gnu++17";
				CLANG_CXX_LIBRARY = "libc++";
				CLANG_ENABLE_MODULES = YES;
				CLANG_ENABLE_OBJC_ARC = YES;
				CLANG_ENABLE_OBJC_WEAK = YES;
				CLANG_WARN_BLOCK_CAPTURE_AUTORELEASING = YES;
				CLANG_WARN_BOOL_CONVERSION = YES;
				CLANG_WARN_COMMA = YES;
				CLANG_WARN_CONSTANT_CONVERSION = YES;
				CLANG_WARN_DEPRECATED_OBJC_IMPLEMENTATIONS = YES;
				CLANG_WARN_DIRECT_OBJC_ISA_USAGE = YES_ERROR;
				CLANG_WARN_DOCUMENTATION_COMMENTS = YES;
				CLANG_WARN_EMPTY_BODY = YES;
				CLANG_WARN_ENUM_CONVERSION = YES;
				CLANG_WARN_INFINITE_RECURSION = YES;
				CLANG_WARN_INT_CONVERSION = YES;
				CLANG_WARN_NON_LITERAL_NULL_CONVERSION = YES;
				CLANG_WARN_OBJC_IMPLICIT_RETAIN_SELF = YES;
				CLANG_WARN_OBJC_LITERAL_CONVERSION = YES;
				CLANG_WARN_OBJC_ROOT_CLASS = YES_ERROR;
				CLANG_WARN_QUOTED_INCLUDE_IN_FRAMEWORK_HEADER = YES;
				CLANG_WARN_RANGE_LOOP_ANALYSIS = YES;
				CLANG_WARN_STRICT_PROTOTYPES = YES;
				CLANG_WARN_SUSPICIOUS_MOVE = YES;
				CLANG_WARN_UNGUARDED_AVAILABILITY = YES_AGGRESSIVE;
				CLANG_WARN_UNREACHABLE_CODE = YES;
				CLANG_WARN__DUPLICATE_METHOD_MATCH = YES;
				COPY_PHASE_STRIP = NO;
				DEBUG_INFORMATION_FORMAT = "dwarf-with-dsym";
				ENABLE_NS_ASSERTIONS = NO;
				ENABLE_STRICT_OBJC_MSGSEND = YES;
				GCC_C_LANGUAGE_STANDARD = gnu11;
				GCC_NO_COMMON_BLOCKS = YES;
				GCC_WARN_64_TO_32_BIT_CONVERSION = YES;
				GCC_WARN_ABOUT_RETURN_TYPE = YES_ERROR;
				GCC_WARN_UNDECLARED_SELECTOR = YES;
				GCC_WARN_UNINITIALIZED_AUTOS = YES_AGGRESSIVE;
				GCC_WARN_UNUSED_FUNCTION = YES;
				GCC_WARN_UNUSED_VARIABLE = YES;
				IPHONEOS_DEPLOYMENT_TARGET = 15.2;
				MTL_ENABLE_DEBUG_INFO = NO;
				MTL_FAST_MATH = YES;
				SDKROOT = iphoneos;
				SWIFT_COMPILATION_MODE = wholemodule;
				SWIFT_OPTIMIZATION_LEVEL = "-O";
				VALIDATE_PRODUCT = YES;
			};
			name = Release;
		};
		270AF66B278B0DE200647073 /* Debug */ = {
			isa = XCBuildConfiguration;
			buildSettings = {
				ASSETCATALOG_COMPILER_APPICON_NAME = AppIcon;
				ASSETCATALOG_COMPILER_GLOBAL_ACCENT_COLOR_NAME = AccentColor;
				CODE_SIGN_STYLE = Automatic;
				CURRENT_PROJECT_VERSION = 1;
				DEVELOPMENT_ASSET_PATHS = "\"MegaShop/Preview Content\"";
				DEVELOPMENT_TEAM = 8DVFS5QU7T;
				ENABLE_PREVIEWS = YES;
				GENERATE_INFOPLIST_FILE = YES;
				INFOPLIST_KEY_UIApplicationSceneManifest_Generation = YES;
				INFOPLIST_KEY_UIApplicationSupportsIndirectInputEvents = YES;
				INFOPLIST_KEY_UILaunchScreen_Generation = YES;
				INFOPLIST_KEY_UISupportedInterfaceOrientations_iPad = "UIInterfaceOrientationPortrait UIInterfaceOrientationPortraitUpsideDown UIInterfaceOrientationLandscapeLeft UIInterfaceOrientationLandscapeRight";
				INFOPLIST_KEY_UISupportedInterfaceOrientations_iPhone = "UIInterfaceOrientationPortrait UIInterfaceOrientationLandscapeLeft UIInterfaceOrientationLandscapeRight";
				LD_RUNPATH_SEARCH_PATHS = (
					"$(inherited)",
					"@executable_path/Frameworks",
				);
				MARKETING_VERSION = 1.0;
				PRODUCT_BUNDLE_IDENTIFIER = ru.niteus.megashop.MegaShop;
				PRODUCT_NAME = "$(TARGET_NAME)";
				SWIFT_EMIT_LOC_STRINGS = YES;
				SWIFT_VERSION = 5.0;
				TARGETED_DEVICE_FAMILY = "1,2";
			};
			name = Debug;
		};
		270AF66C278B0DE200647073 /* Release */ = {
			isa = XCBuildConfiguration;
			buildSettings = {
				ASSETCATALOG_COMPILER_APPICON_NAME = AppIcon;
				ASSETCATALOG_COMPILER_GLOBAL_ACCENT_COLOR_NAME = AccentColor;
				CODE_SIGN_STYLE = Automatic;
				CURRENT_PROJECT_VERSION = 1;
				DEVELOPMENT_ASSET_PATHS = "\"MegaShop/Preview Content\"";
				DEVELOPMENT_TEAM = 8DVFS5QU7T;
				ENABLE_PREVIEWS = YES;
				GENERATE_INFOPLIST_FILE = YES;
				INFOPLIST_KEY_UIApplicationSceneManifest_Generation = YES;
				INFOPLIST_KEY_UIApplicationSupportsIndirectInputEvents = YES;
				INFOPLIST_KEY_UILaunchScreen_Generation = YES;
				INFOPLIST_KEY_UISupportedInterfaceOrientations_iPad = "UIInterfaceOrientationPortrait UIInterfaceOrientationPortraitUpsideDown UIInterfaceOrientationLandscapeLeft UIInterfaceOrientationLandscapeRight";
				INFOPLIST_KEY_UISupportedInterfaceOrientations_iPhone = "UIInterfaceOrientationPortrait UIInterfaceOrientationLandscapeLeft UIInterfaceOrientationLandscapeRight";
				LD_RUNPATH_SEARCH_PATHS = (
					"$(inherited)",
					"@executable_path/Frameworks",
				);
				MARKETING_VERSION = 1.0;
				PRODUCT_BUNDLE_IDENTIFIER = ru.niteus.megashop.MegaShop;
				PRODUCT_NAME = "$(TARGET_NAME)";
				SWIFT_EMIT_LOC_STRINGS = YES;
				SWIFT_VERSION = 5.0;
				TARGETED_DEVICE_FAMILY = "1,2";
			};
			name = Release;
		};
/* End XCBuildConfiguration section */

/* Begin XCConfigurationList section */
		270AF657278B0DE000647073 /* Build configuration list for PBXProject "MegaShop" */ = {
			isa = XCConfigurationList;
			buildConfigurations = (
				270AF668278B0DE200647073 /* Debug */,
				270AF669278B0DE200647073 /* Release */,
			);
			defaultConfigurationIsVisible = 0;
			defaultConfigurationName = Release;
		};
		270AF66A278B0DE200647073 /* Build configuration list for PBXNativeTarget "MegaShop" */ = {
			isa = XCConfigurationList;
			buildConfigurations = (
				270AF66B278B0DE200647073 /* Debug */,
				270AF66C278B0DE200647073 /* Release */,
			);
			defaultConfigurationIsVisible = 0;
			defaultConfigurationName = Release;
		};
/* End XCConfigurationList section */
	};
	rootObject = 270AF654278B0DE000647073 /* Project object */;
}
